
Microsoft Visual Studio Solution File, Format Version 12.00
# Visual Studio Version 17
VisualStudioVersion = 17.4.33213.308
MinimumVisualStudioVersion = 10.0.40219.1
Project("{00D1A9C2-B5F0-4AF3-8072-F6C62B433612}") = "Database2", "Database2\Database2.sqlproj", "{E8BE3AB6-65FF-4C92-A972-4456F4DAD969}"
EndProject
Global
	GlobalSection(SolutionConfigurationPlatforms) = preSolution
		Debug|Any CPU = Debug|Any CPU
		Release|Any CPU = Release|Any CPU
	EndGlobalSection
	GlobalSection(ProjectConfigurationPlatforms) = postSolution
		{E8BE3AB6-65FF-4C92-A972-4456F4DAD969}.Debug|Any CPU.ActiveCfg = Debug|Any CPU
		{E8BE3AB6-65FF-4C92-A972-4456F4DAD969}.Debug|Any CPU.Build.0 = Debug|Any CPU
		{E8BE3AB6-65FF-4C92-A972-4456F4DAD969}.Debug|Any CPU.Deploy.0 = Debug|Any CPU
		{E8BE3AB6-65FF-4C92-A972-4456F4DAD969}.Release|Any CPU.ActiveCfg = Release|Any CPU
		{E8BE3AB6-65FF-4C92-A972-4456F4DAD969}.Release|Any CPU.Build.0 = Release|Any CPU
		{E8BE3AB6-65FF-4C92-A972-4456F4DAD969}.Release|Any CPU.Deploy.0 = Release|Any CPU
	EndGlobalSection
	GlobalSection(SolutionProperties) = preSolution
		HideSolutionNode = FALSE
	EndGlobalSection
	GlobalSection(ExtensibilityGlobals) = postSolution
		SolutionGuid = {60E18D0B-EB8A-485F-A080-823500351C20}
	EndGlobalSection
EndGlobal
